
Microsoft Visual Studio Solution File, Format Version 12.00
# Visual Studio Version 17
VisualStudioVersion = 17.0.31912.275
MinimumVisualStudioVersion = 10.0.40219.1
Project("{FAE04EC0-301F-11D3-BF4B-00C04F79EFBC}") = "ConsoleApp1", "ConsoleApp1.csproj", "{5770DEA0-68AB-44F3-8817-6DC18070B76A}"
EndProject
Global
	GlobalSection(SolutionConfigurationPlatforms) = preSolution
		Debug|Any CPU = Debug|Any CPU
		Release|Any CPU = Release|Any CPU
	EndGlobalSection
	GlobalSection(ProjectConfigurationPlatforms) = postSolution
		{5770DEA0-68AB-44F3-8817-6DC18070B76A}.Debug|Any CPU.ActiveCfg = Debug|Any CPU
		{5770DEA0-68AB-44F3-8817-6DC18070B76A}.Debug|Any CPU.Build.0 = Debug|Any CPU
		{5770DEA0-68AB-44F3-8817-6DC18070B76A}.Release|Any CPU.ActiveCfg = Release|Any CPU
		{5770DEA0-68AB-44F3-8817-6DC18070B76A}.Release|Any CPU.Build.0 = Release|Any CPU
	EndGlobalSection
	GlobalSection(SolutionProperties) = preSolution
		HideSolutionNode = FALSE
	EndGlobalSection
	GlobalSection(ExtensibilityGlobals) = postSolution
		SolutionGuid = {BF952907-8ECE-4B81-81F3-756D8A26300D}
	EndGlobalSection
EndGlobal
